
Microsoft Visual Studio Solution File, Format Version 12.00
# Visual Studio Version 16
VisualStudioVersion = 16.0.30413.136
MinimumVisualStudioVersion = 10.0.40219.1
Project("{FAE04EC0-301F-11D3-BF4B-00C04F79EFBC}") = "Kyoshinmonita_Sample", "Kyoshinmonita_Sample\Kyoshinmonita_Sample.csproj", "{0AE314D4-2476-41E3-9521-2ADF8BE6DA7C}"
EndProject
Global
	GlobalSection(SolutionConfigurationPlatforms) = preSolution
		Debug|Any CPU = Debug|Any CPU
		Release|Any CPU = Release|Any CPU
	EndGlobalSection
	GlobalSection(ProjectConfigurationPlatforms) = postSolution
		{0AE314D4-2476-41E3-9521-2ADF8BE6DA7C}.Debug|Any CPU.ActiveCfg = Debug|Any CPU
		{0AE314D4-2476-41E3-9521-2ADF8BE6DA7C}.Debug|Any CPU.Build.0 = Debug|Any CPU
		{0AE314D4-2476-41E3-9521-2ADF8BE6DA7C}.Release|Any CPU.ActiveCfg = Release|Any CPU
		{0AE314D4-2476-41E3-9521-2ADF8BE6DA7C}.Release|Any CPU.Build.0 = Release|Any CPU
	EndGlobalSection
	GlobalSection(SolutionProperties) = preSolution
		HideSolutionNode = FALSE
	EndGlobalSection
	GlobalSection(ExtensibilityGlobals) = postSolution
		SolutionGuid = {8A11F85C-39A2-47F0-BE6A-8234BE94906E}
	EndGlobalSection
EndGlobal
